// !$*UTF8*$!
{
	archiveVersion = 1;
	classes = {
	};
	objectVersion = 55;
	objects = {

/* Begin PBXBuildFile section */
		527A4CCC278FD90F005C40C3 /* AppDelegate.swift in Sources */ = {isa = PBXBuildFile; fileRef = 527A4CCB278FD90F005C40C3 /* AppDelegate.swift */; };
		527A4CCE278FD90F005C40C3 /* SceneDelegate.swift in Sources */ = {isa = PBXBuildFile; fileRef = 527A4CCD278FD90F005C40C3 /* SceneDelegate.swift */; };
		527A4CD0278FD90F005C40C3 /* ViewController.swift in Sources */ = {isa = PBXBuildFile; fileRef = 527A4CCF278FD90F005C40C3 /* ViewController.swift */; };
		527A4CD3278FD90F005C40C3 /* Main.storyboard in Resources */ = {isa = PBXBuildFile; fileRef = 527A4CD1278FD90F005C40C3 /* Main.storyboard */; };
		527A4CD5278FD911005C40C3 /* Assets.xcassets in Resources */ = {isa = PBXBuildFile; fileRef = 527A4CD4278FD911005C40C3 /* Assets.xcassets */; };
		527A4CD8278FD911005C40C3 /* LaunchScreen.storyboard in Resources */ = {isa = PBXBuildFile; fileRef = 527A4CD6278FD911005C40C3 /* LaunchScreen.storyboard */; };
		527A4CE0278FEA5B005C40C3 /* QuizViewController.swift in Sources */ = {isa = PBXBuildFile; fileRef = 527A4CDF278FEA5B005C40C3 /* QuizViewController.swift */; };
		527A4CE2278FEA94005C40C3 /* ResultViewController.swift in Sources */ = {isa = PBXBuildFile; fileRef = 527A4CE1278FEA93005C40C3 /* ResultViewController.swift */; };
		527A4CE4278FEF2D005C40C3 /* Quiz.swift in Sources */ = {isa = PBXBuildFile; fileRef = 527A4CE3278FEF2D005C40C3 /* Quiz.swift */; };
		527A4CE6278FEF84005C40C3 /* QuizManager.swift in Sources */ = {isa = PBXBuildFile; fileRef = 527A4CE5278FEF84005C40C3 /* QuizManager.swift */; };
/* End PBXBuildFile section */

/* Begin PBXFileReference section */
		527A4CC8278FD90F005C40C3 /* CSO33-SwiftQuiz.app */ = {isa = PBXFileReference; explicitFileType = wrapper.application; includeInIndex = 0; path = "CSO33-SwiftQuiz.app"; sourceTree = BUILT_PRODUCTS_DIR; };
		527A4CCB278FD90F005C40C3 /* AppDelegate.swift */ = {isa = PBXFileReference; lastKnownFileType = sourcecode.swift; path = AppDelegate.swift; sourceTree = "<group>"; };
		527A4CCD278FD90F005C40C3 /* SceneDelegate.swift */ = {isa = PBXFileReference; lastKnownFileType = sourcecode.swift; path = SceneDelegate.swift; sourceTree = "<group>"; };
		527A4CCF278FD90F005C40C3 /* ViewController.swift */ = {isa = PBXFileReference; lastKnownFileType = sourcecode.swift; path = ViewController.swift; sourceTree = "<group>"; };
		527A4CD2278FD90F005C40C3 /* Base */ = {isa = PBXFileReference; lastKnownFileType = file.storyboard; name = Base; path = Base.lproj/Main.storyboard; sourceTree = "<group>"; };
		527A4CD4278FD911005C40C3 /* Assets.xcassets */ = {isa = PBXFileReference; lastKnownFileType = folder.assetcatalog; path = Assets.xcassets; sourceTree = "<group>"; };
		527A4CD7278FD911005C40C3 /* Base */ = {isa = PBXFileReference; lastKnownFileType = file.storyboard; name = Base; path = Base.lproj/LaunchScreen.storyboard; sourceTree = "<group>"; };
		527A4CD9278FD911005C40C3 /* Info.plist */ = {isa = PBXFileReference; lastKnownFileType = text.plist.xml; path = Info.plist; sourceTree = "<group>"; };
		527A4CDF278FEA5B005C40C3 /* QuizViewController.swift */ = {isa = PBXFileReference; lastKnownFileType = sourcecode.swift; path = QuizViewController.swift; sourceTree = "<group>"; };
		527A4CE1278FEA93005C40C3 /* ResultViewController.swift */ = {isa = PBXFileReference; lastKnownFileType = sourcecode.swift; path = ResultViewController.swift; sourceTree = "<group>"; };
		527A4CE3278FEF2D005C40C3 /* Quiz.swift */ = {isa = PBXFileReference; lastKnownFileType = sourcecode.swift; path = Quiz.swift; sourceTree = "<group>"; };
		527A4CE5278FEF84005C40C3 /* QuizManager.swift */ = {isa = PBXFileReference; lastKnownFileType = sourcecode.swift; path = QuizManager.swift; sourceTree = "<group>"; };
/* End PBXFileReference section */

/* Begin PBXFrameworksBuildPhase section */
		527A4CC5278FD90F005C40C3 /* Frameworks */ = {
			isa = PBXFrameworksBuildPhase;
			buildActionMask = 2147483647;
			files = (
			);
			runOnlyForDeploymentPostprocessing = 0;
		};
/* End PBXFrameworksBuildPhase section */

/* Begin PBXGroup section */
		527A4CBF278FD90F005C40C3 = {
			isa = PBXGroup;
			children = (
				527A4CCA278FD90F005C40C3 /* CSO33-SwiftQuiz */,
				527A4CC9278FD90F005C40C3 /* Products */,
			);
			sourceTree = "<group>";
		};
		527A4CC9278FD90F005C40C3 /* Products */ = {
			isa = PBXGroup;
			children = (
				527A4CC8278FD90F005C40C3 /* CSO33-SwiftQuiz.app */,
			);
			name = Products;
			sourceTree = "<group>";
		};
		527A4CCA278FD90F005C40C3 /* CSO33-SwiftQuiz */ = {
			isa = PBXGroup;
			children = (
				527A4CCB278FD90F005C40C3 /* AppDelegate.swift */,
				527A4CCD278FD90F005C40C3 /* SceneDelegate.swift */,
				527A4CCF278FD90F005C40C3 /* ViewController.swift */,
				527A4CD1278FD90F005C40C3 /* Main.storyboard */,
				527A4CE3278FEF2D005C40C3 /* Quiz.swift */,
				527A4CE5278FEF84005C40C3 /* QuizManager.swift */,
				527A4CDF278FEA5B005C40C3 /* QuizViewController.swift */,
				527A4CE1278FEA93005C40C3 /* ResultViewController.swift */,
				527A4CD4278FD911005C40C3 /* Assets.xcassets */,
				527A4CD6278FD911005C40C3 /* LaunchScreen.storyboard */,
				527A4CD9278FD911005C40C3 /* Info.plist */,
			);
			path = "CSO33-SwiftQuiz";
			sourceTree = "<group>";
		};
/* End PBXGroup section */

/* Begin PBXNativeTarget section */
		527A4CC7278FD90F005C40C3 /* CSO33-SwiftQuiz */ = {
			isa = PBXNativeTarget;
			buildConfigurationList = 527A4CDC278FD911005C40C3 /* Build configuration list for PBXNativeTarget "CSO33-SwiftQuiz" */;
			buildPhases = (
				527A4CC4278FD90F005C40C3 /* Sources */,
				527A4CC5278FD90F005C40C3 /* Frameworks */,
				527A4CC6278FD90F005C40C3 /* Resources */,
			);
			buildRules = (
			);
			dependencies = (
			);
			name = "CSO33-SwiftQuiz";
			productName = "CSO33-SwiftQuiz";
			productReference = 527A4CC8278FD90F005C40C3 /* CSO33-SwiftQuiz.app */;
			productType = "com.apple.product-type.application";
		};
/* End PBXNativeTarget section */

/* Begin PBXProject section */
		527A4CC0278FD90F005C40C3 /* Project object */ = {
			isa = PBXProject;
			attributes = {
				BuildIndependentTargetsInParallel = 1;
				LastSwiftUpdateCheck = 1320;
				LastUpgradeCheck = 1320;
				TargetAttributes = {
					527A4CC7278FD90F005C40C3 = {
						CreatedOnToolsVersion = 13.2.1;
					};
				};
			};
			buildConfigurationList = 527A4CC3278FD90F005C40C3 /* Build configuration list for PBXProject "CSO33-SwiftQuiz" */;
			compatibilityVersion = "Xcode 13.0";
			developmentRegion = en;
			hasScannedForEncodings = 0;
			knownRegions = (
				en,
				Base,
			);
			mainGroup = 527A4CBF278FD90F005C40C3;
			productRefGroup = 527A4CC9278FD90F005C40C3 /* Products */;
			projectDirPath = "";
			projectRoot = "";
			targets = (
				527A4CC7278FD90F005C40C3 /* CSO33-SwiftQuiz */,
			);
		};
/* End PBXProject section */

/* Begin PBXResourcesBuildPhase section */
		527A4CC6278FD90F005C40C3 /* Resources */ = {
			isa = PBXResourcesBuildPhase;
			buildActionMask = 2147483647;
			files = (
				527A4CD8278FD911005C40C3 /* LaunchScreen.storyboard in Resources */,
				527A4CD5278FD911005C40C3 /* Assets.xcassets in Resources */,
				527A4CD3278FD90F005C40C3 /* Main.storyboard in Resources */,
			);
			runOnlyForDeploymentPostprocessing = 0;
		};
/* End PBXResourcesBuildPhase section */

/* Begin PBXSourcesBuildPhase section */
		527A4CC4278FD90F005C40C3 /* Sources */ = {
			isa = PBXSourcesBuildPhase;
			buildActionMask = 2147483647;
			files = (
				527A4CE2278FEA94005C40C3 /* ResultViewController.swift in Sources */,
				527A4CD0278FD90F005C40C3 /* ViewController.swift in Sources */,
				527A4CE4278FEF2D005C40C3 /* Quiz.swift in Sources */,
				527A4CE6278FEF84005C40C3 /* QuizManager.swift in Sources */,
				527A4CCC278FD90F005C40C3 /* AppDelegate.swift in Sources */,
				527A4CCE278FD90F005C40C3 /* SceneDelegate.swift in Sources */,
				527A4CE0278FEA5B005C40C3 /* QuizViewController.swift in Sources */,
			);
			runOnlyForDeploymentPostprocessing = 0;
		};
/* End PBXSourcesBuildPhase section */

/* Begin PBXVariantGroup section */
		527A4CD1278FD90F005C40C3 /* Main.storyboard */ = {
			isa = PBXVariantGroup;
			children = (
				527A4CD2278FD90F005C40C3 /* Base */,
			);
			name = Main.storyboard;
			sourceTree = "<group>";
		};
		527A4CD6278FD911005C40C3 /* LaunchScreen.storyboard */ = {
			isa = PBXVariantGroup;
			children = (
				527A4CD7278FD911005C40C3 /* Base */,
			);
			name = LaunchScreen.storyboard;
			sourceTree = "<group>";
		};
/* End PBXVariantGroup section */

/* Begin XCBuildConfiguration section */
		527A4CDA278FD911005C40C3 /* Debug */ = {
			isa = XCBuildConfiguration;
			buildSettings = {
				ALWAYS_SEARCH_USER_PATHS = NO;
				CLANG_ANALYZER_NONNULL = YES;
				CLANG_ANALYZER_NUMBER_OBJECT_CONVERSION = YES_AGGRESSIVE;
				CLANG_CXX_LANGUAGE_STANDARD = "gnu++17";
				CLANG_CXX_LIBRARY = "libc++";
				CLANG_ENABLE_MODULES = YES;
				CLANG_ENABLE_OBJC_ARC = YES;
				CLANG_ENABLE_OBJC_WEAK = YES;
				CLANG_WARN_BLOCK_CAPTURE_AUTORELEASING = YES;
				CLANG_WARN_BOOL_CONVERSION = YES;
				CLANG_WARN_COMMA = YES;
				CLANG_WARN_CONSTANT_CONVERSION = YES;
				CLANG_WARN_DEPRECATED_OBJC_IMPLEMENTATIONS = YES;
				CLANG_WARN_DIRECT_OBJC_ISA_USAGE = YES_ERROR;
				CLANG_WARN_DOCUMENTATION_COMMENTS = YES;
				CLANG_WARN_EMPTY_BODY = YES;
				CLANG_WARN_ENUM_CONVERSION = YES;
				CLANG_WARN_INFINITE_RECURSION = YES;
				CLANG_WARN_INT_CONVERSION = YES;
				CLANG_WARN_NON_LITERAL_NULL_CONVERSION = YES;
				CLANG_WARN_OBJC_IMPLICIT_RETAIN_SELF = YES;
				CLANG_WARN_OBJC_LITERAL_CONVERSION = YES;
				CLANG_WARN_OBJC_ROOT_CLASS = YES_ERROR;
				CLANG_WARN_QUOTED_INCLUDE_IN_FRAMEWORK_HEADER = YES;
				CLANG_WARN_RANGE_LOOP_ANALYSIS = YES;
				CLANG_WARN_STRICT_PROTOTYPES = YES;
				CLANG_WARN_SUSPICIOUS_MOVE = YES;
				CLANG_WARN_UNGUARDED_AVAILABILITY = YES_AGGRESSIVE;
				CLANG_WARN_UNREACHABLE_CODE = YES;
				CLANG_WARN__DUPLICATE_METHOD_MATCH = YES;
				COPY_PHASE_STRIP = NO;
				DEBUG_INFORMATION_FORMAT = dwarf;
				ENABLE_STRICT_OBJC_MSGSEND = YES;
				ENABLE_TESTABILITY = YES;
				GCC_C_LANGUAGE_STANDARD = gnu11;
				GCC_DYNAMIC_NO_PIC = NO;
				GCC_NO_COMMON_BLOCKS = YES;
				GCC_OPTIMIZATION_LEVEL = 0;
				GCC_PREPROCESSOR_DEFINITIONS = (
					"DEBUG=1",
					"$(inherited)",
				);
				GCC_WARN_64_TO_32_BIT_CONVERSION = YES;
				GCC_WARN_ABOUT_RETURN_TYPE = YES_ERROR;
				GCC_WARN_UNDECLARED_SELECTOR = YES;
				GCC_WARN_UNINITIALIZED_AUTOS = YES_AGGRESSIVE;
				GCC_WARN_UNUSED_FUNCTION = YES;
				GCC_WARN_UNUSED_VARIABLE = YES;
				IPHONEOS_DEPLOYMENT_TARGET = 15.2;
				MTL_ENABLE_DEBUG_INFO = INCLUDE_SOURCE;
				MTL_FAST_MATH = YES;
				ONLY_ACTIVE_ARCH = YES;
				SDKROOT = iphoneos;
				SWIFT_ACTIVE_COMPILATION_CONDITIONS = DEBUG;
				SWIFT_OPTIMIZATION_LEVEL = "-Onone";
			};
			name = Debug;
		};
		527A4CDB278FD911005C40C3 /* Release */ = {
			isa = XCBuildConfiguration;
			buildSettings = {
				ALWAYS_SEARCH_USER_PATHS = NO;
				CLANG_ANALYZER_NONNULL = YES;
				CLANG_ANALYZER_NUMBER_OBJECT_CONVERSION = YES_AGGRESSIVE;
				CLANG_CXX_LANGUAGE_STANDARD = "gnu++17";
				CLANG_CXX_LIBRARY = "libc++";
				CLANG_ENABLE_MODULES = YES;
				CLANG_ENABLE_OBJC_ARC = YES;
				CLANG_ENABLE_OBJC_WEAK = YES;
				CLANG_WARN_BLOCK_CAPTURE_AUTORELEASING = YES;
				CLANG_WARN_BOOL_CONVERSION = YES;
				CLANG_WARN_COMMA = YES;
				CLANG_WARN_CONSTANT_CONVERSION = YES;
				CLANG_WARN_DEPRECATED_OBJC_IMPLEMENTATIONS = YES;
				CLANG_WARN_DIRECT_OBJC_ISA_USAGE = YES_ERROR;
				CLANG_WARN_DOCUMENTATION_COMMENTS = YES;
				CLANG_WARN_EMPTY_BODY = YES;
				CLANG_WARN_ENUM_CONVERSION = YES;
				CLANG_WARN_INFINITE_RECURSION = YES;
				CLANG_WARN_INT_CONVERSION = YES;
				CLANG_WARN_NON_LITERAL_NULL_CONVERSION = YES;
				CLANG_WARN_OBJC_IMPLICIT_RETAIN_SELF = YES;
				CLANG_WARN_OBJC_LITERAL_CONVERSION = YES;
				CLANG_WARN_OBJC_ROOT_CLASS = YES_ERROR;
				CLANG_WARN_QUOTED_INCLUDE_IN_FRAMEWORK_HEADER = YES;
				CLANG_WARN_RANGE_LOOP_ANALYSIS = YES;
				CLANG_WARN_STRICT_PROTOTYPES = YES;
				CLANG_WARN_SUSPICIOUS_MOVE = YES;
				CLANG_WARN_UNGUARDED_AVAILABILITY = YES_AGGRESSIVE;
				CLANG_WARN_UNREACHABLE_CODE = YES;
				CLANG_WARN__DUPLICATE_METHOD_MATCH = YES;
				COPY_PHASE_STRIP = NO;
				DEBUG_INFORMATION_FORMAT = "dwarf-with-dsym";
				ENABLE_NS_ASSERTIONS = NO;
				ENABLE_STRICT_OBJC_MSGSEND = YES;
				GCC_C_LANGUAGE_STANDARD = gnu11;
				GCC_NO_COMMON_BLOCKS = YES;
				GCC_WARN_64_TO_32_BIT_CONVERSION = YES;
				GCC_WARN_ABOUT_RETURN_TYPE = YES_ERROR;
				GCC_WARN_UNDECLARED_SELECTOR = YES;
				GCC_WARN_UNINITIALIZED_AUTOS = YES_AGGRESSIVE;
				GCC_WARN_UNUSED_FUNCTION = YES;
				GCC_WARN_UNUSED_VARIABLE = YES;
				IPHONEOS_DEPLOYMENT_TARGET = 15.2;
				MTL_ENABLE_DEBUG_INFO = NO;
				MTL_FAST_MATH = YES;
				SDKROOT = iphoneos;
				SWIFT_COMPILATION_MODE = wholemodule;
				SWIFT_OPTIMIZATION_LEVEL = "-O";
				VALIDATE_PRODUCT = YES;
			};
			name = Release;
		};
		527A4CDD278FD911005C40C3 /* Debug */ = {
			isa = XCBuildConfiguration;
			buildSettings = {
				ASSETCATALOG_COMPILER_APPICON_NAME = AppIcon;
				ASSETCATALOG_COMPILER_GLOBAL_ACCENT_COLOR_NAME = AccentColor;
				CODE_SIGN_STYLE = Automatic;
				CURRENT_PROJECT_VERSION = 1;
				DEVELOPMENT_TEAM = 5283LJF38B;
				GENERATE_INFOPLIST_FILE = YES;
				INFOPLIST_FILE = "CSO33-SwiftQuiz/Info.plist";
				INFOPLIST_KEY_UIApplicationSupportsIndirectInputEvents = YES;
				INFOPLIST_KEY_UILaunchStoryboardName = LaunchScreen;
				INFOPLIST_KEY_UIMainStoryboardFile = Main;
				INFOPLIST_KEY_UISupportedInterfaceOrientations = UIInterfaceOrientationPortrait;
				INFOPLIST_KEY_UISupportedInterfaceOrientations_iPad = "UIInterfaceOrientationPortrait UIInterfaceOrientationPortraitUpsideDown UIInterfaceOrientationLandscapeLeft UIInterfaceOrientationLandscapeRight";
				INFOPLIST_KEY_UISupportedInterfaceOrientations_iPhone = "UIInterfaceOrientationPortrait UIInterfaceOrientationLandscapeLeft UIInterfaceOrientationLandscapeRight";
				IPHONEOS_DEPLOYMENT_TARGET = 14.6;
				LD_RUNPATH_SEARCH_PATHS = (
					"$(inherited)",
					"@executable_path/Frameworks",
				);
				MARKETING_VERSION = 1.0;
				PRODUCT_BUNDLE_IDENTIFIER = "com.cauasdo.CSO33-SwiftQuiz";
				PRODUCT_NAME = "$(TARGET_NAME)";
				SWIFT_EMIT_LOC_STRINGS = YES;
				SWIFT_VERSION = 5.0;
				TARGETED_DEVICE_FAMILY = 1;
			};
			name = Debug;
		};
		527A4CDE278FD911005C40C3 /* Release */ = {
			isa = XCBuildConfiguration;
			buildSettings = {
				ASSETCATALOG_COMPILER_APPICON_NAME = AppIcon;
				ASSETCATALOG_COMPILER_GLOBAL_ACCENT_COLOR_NAME = AccentColor;
				CODE_SIGN_STYLE = Automatic;
				CURRENT_PROJECT_VERSION = 1;
				DEVELOPMENT_TEAM = 5283LJF38B;
				GENERATE_INFOPLIST_FILE = YES;
				INFOPLIST_FILE = "CSO33-SwiftQuiz/Info.plist";
				INFOPLIST_KEY_UIApplicationSupportsIndirectInputEvents = YES;
				INFOPLIST_KEY_UILaunchStoryboardName = LaunchScreen;
				INFOPLIST_KEY_UIMainStoryboardFile = Main;
				INFOPLIST_KEY_UISupportedInterfaceOrientations = UIInterfaceOrientationPortrait;
				INFOPLIST_KEY_UISupportedInterfaceOrientations_iPad = "UIInterfaceOrientationPortrait UIInterfaceOrientationPortraitUpsideDown UIInterfaceOrientationLandscapeLeft UIInterfaceOrientationLandscapeRight";
				INFOPLIST_KEY_UISupportedInterfaceOrientations_iPhone = "UIInterfaceOrientationPortrait UIInterfaceOrientationLandscapeLeft UIInterfaceOrientationLandscapeRight";
				IPHONEOS_DEPLOYMENT_TARGET = 14.6;
				LD_RUNPATH_SEARCH_PATHS = (
					"$(inherited)",
					"@executable_path/Frameworks",
				);
				MARKETING_VERSION = 1.0;
				PRODUCT_BUNDLE_IDENTIFIER = "com.cauasdo.CSO33-SwiftQuiz";
				PRODUCT_NAME = "$(TARGET_NAME)";
				SWIFT_EMIT_LOC_STRINGS = YES;
				SWIFT_VERSION = 5.0;
				TARGETED_DEVICE_FAMILY = 1;
			};
			name = Release;
		};
/* End XCBuildConfiguration section */

/* Begin XCConfigurationList section */
		527A4CC3278FD90F005C40C3 /* Build configuration list for PBXProject "CSO33-SwiftQuiz" */ = {
			isa = XCConfigurationList;
			buildConfigurations = (
				527A4CDA278FD911005C40C3 /* Debug */,
				527A4CDB278FD911005C40C3 /* Release */,
			);
			defaultConfigurationIsVisible = 0;
			defaultConfigurationName = Release;
		};
		527A4CDC278FD911005C40C3 /* Build configuration list for PBXNativeTarget "CSO33-SwiftQuiz" */ = {
			isa = XCConfigurationList;
			buildConfigurations = (
				527A4CDD278FD911005C40C3 /* Debug */,
				527A4CDE278FD911005C40C3 /* Release */,
			);
			defaultConfigurationIsVisible = 0;
			defaultConfigurationName = Release;
		};
/* End XCConfigurationList section */
	};
	rootObject = 527A4CC0278FD90F005C40C3 /* Project object */;
}
